
Microsoft Visual Studio Solution File, Format Version 12.00
# Visual Studio Version 17
VisualStudioVersion = 17.7.34031.279
MinimumVisualStudioVersion = 10.0.40219.1
Project("{FAE04EC0-301F-11D3-BF4B-00C04F79EFBC}") = "Hotellerie-GCG1-2023", "Hotellerie-GCG1-2023\Hotellerie-GCG1-2023.csproj", "{43CA4CB0-4BAB-4E6B-B7EF-734A70D9BE86}"
EndProject
Global
	GlobalSection(SolutionConfigurationPlatforms) = preSolution
		Debug|Any CPU = Debug|Any CPU
		Release|Any CPU = Release|Any CPU
	EndGlobalSection
	GlobalSection(ProjectConfigurationPlatforms) = postSolution
		{43CA4CB0-4BAB-4E6B-B7EF-734A70D9BE86}.Debug|Any CPU.ActiveCfg = Debug|Any CPU
		{43CA4CB0-4BAB-4E6B-B7EF-734A70D9BE86}.Debug|Any CPU.Build.0 = Debug|Any CPU
		{43CA4CB0-4BAB-4E6B-B7EF-734A70D9BE86}.Release|Any CPU.ActiveCfg = Release|Any CPU
		{43CA4CB0-4BAB-4E6B-B7EF-734A70D9BE86}.Release|Any CPU.Build.0 = Release|Any CPU
	EndGlobalSection
	GlobalSection(SolutionProperties) = preSolution
		HideSolutionNode = FALSE
	EndGlobalSection
	GlobalSection(ExtensibilityGlobals) = postSolution
		SolutionGuid = {9761C6F6-5B42-4EF5-A750-24417926EE2F}
	EndGlobalSection
EndGlobal
